
Microsoft Visual Studio Solution File, Format Version 12.00
# Visual Studio 15
VisualStudioVersion = 15.0.27703.2000
MinimumVisualStudioVersion = 10.0.40219.1
Project("{FAE04EC0-301F-11D3-BF4B-00C04F79EFBC}") = "EasyfisShop", "EasyfisShop\EasyfisShop.csproj", "{A6C6B0AD-74ED-48B3-9DFA-F340B0E297C1}"
EndProject
Global
	GlobalSection(SolutionConfigurationPlatforms) = preSolution
		Debug|Any CPU = Debug|Any CPU
		Release|Any CPU = Release|Any CPU
	EndGlobalSection
	GlobalSection(ProjectConfigurationPlatforms) = postSolution
		{A6C6B0AD-74ED-48B3-9DFA-F340B0E297C1}.Debug|Any CPU.ActiveCfg = Debug|Any CPU
		{A6C6B0AD-74ED-48B3-9DFA-F340B0E297C1}.Debug|Any CPU.Build.0 = Debug|Any CPU
		{A6C6B0AD-74ED-48B3-9DFA-F340B0E297C1}.Release|Any CPU.ActiveCfg = Release|Any CPU
		{A6C6B0AD-74ED-48B3-9DFA-F340B0E297C1}.Release|Any CPU.Build.0 = Release|Any CPU
	EndGlobalSection
	GlobalSection(SolutionProperties) = preSolution
		HideSolutionNode = FALSE
	EndGlobalSection
	GlobalSection(ExtensibilityGlobals) = postSolution
		SolutionGuid = {5B63883D-1232-41C2-A974-963E59912FC2}
	EndGlobalSection
EndGlobal
